
Microsoft Visual Studio Solution File, Format Version 12.00
# Visual Studio Version 17
VisualStudioVersion = 17.3.32922.545
MinimumVisualStudioVersion = 10.0.40219.1
Project("{FAE04EC0-301F-11D3-BF4B-00C04F79EFBC}") = "Homework2Point3", "Homework2Point3\Homework2Point3.csproj", "{F530405A-8C12-4F91-AB9E-30115FC83A3D}"
EndProject
Global
	GlobalSection(SolutionConfigurationPlatforms) = preSolution
		Debug|Any CPU = Debug|Any CPU
		Release|Any CPU = Release|Any CPU
	EndGlobalSection
	GlobalSection(ProjectConfigurationPlatforms) = postSolution
		{F530405A-8C12-4F91-AB9E-30115FC83A3D}.Debug|Any CPU.ActiveCfg = Debug|Any CPU
		{F530405A-8C12-4F91-AB9E-30115FC83A3D}.Debug|Any CPU.Build.0 = Debug|Any CPU
		{F530405A-8C12-4F91-AB9E-30115FC83A3D}.Release|Any CPU.ActiveCfg = Release|Any CPU
		{F530405A-8C12-4F91-AB9E-30115FC83A3D}.Release|Any CPU.Build.0 = Release|Any CPU
	EndGlobalSection
	GlobalSection(SolutionProperties) = preSolution
		HideSolutionNode = FALSE
	EndGlobalSection
	GlobalSection(ExtensibilityGlobals) = postSolution
		SolutionGuid = {86625548-B8D3-4025-BA45-430F73303851}
	EndGlobalSection
EndGlobal
